
Microsoft Visual Studio Solution File, Format Version 12.00
# Visual Studio Version 16
VisualStudioVersion = 16.0.30503.244
MinimumVisualStudioVersion = 10.0.40219.1
Project("{FAE04EC0-301F-11D3-BF4B-00C04F79EFBC}") = "ContactsApp", "ContactsApp\ContactsApp.csproj", "{83028A2E-E1FA-4A5C-895B-F9AE61441226}"
EndProject
Global
	GlobalSection(SolutionConfigurationPlatforms) = preSolution
		Debug|Any CPU = Debug|Any CPU
		Release|Any CPU = Release|Any CPU
	EndGlobalSection
	GlobalSection(ProjectConfigurationPlatforms) = postSolution
		{83028A2E-E1FA-4A5C-895B-F9AE61441226}.Debug|Any CPU.ActiveCfg = Debug|Any CPU
		{83028A2E-E1FA-4A5C-895B-F9AE61441226}.Debug|Any CPU.Build.0 = Debug|Any CPU
		{83028A2E-E1FA-4A5C-895B-F9AE61441226}.Release|Any CPU.ActiveCfg = Release|Any CPU
		{83028A2E-E1FA-4A5C-895B-F9AE61441226}.Release|Any CPU.Build.0 = Release|Any CPU
	EndGlobalSection
	GlobalSection(SolutionProperties) = preSolution
		HideSolutionNode = FALSE
	EndGlobalSection
	GlobalSection(ExtensibilityGlobals) = postSolution
		SolutionGuid = {0107BEB5-4854-4C1A-93ED-B9AB60133174}
	EndGlobalSection
EndGlobal
